// !$*UTF8*$!
{
	archiveVersion = 1;
	classes = {
	};
	objectVersion = 60;
	objects = {

/* Begin PBXBuildFile section */
		A983955A2B964EC200727A30 /* DemoApp.swift in Sources */ = {isa = PBXBuildFile; fileRef = A98395592B964EC200727A30 /* DemoApp.swift */; };
		A983955C2B964EC200727A30 /* DemoDocument.swift in Sources */ = {isa = PBXBuildFile; fileRef = A983955B2B964EC200727A30 /* DemoDocument.swift */; };
		A983955E2B964EC200727A30 /* DemoEditorScreen.swift in Sources */ = {isa = PBXBuildFile; fileRef = A983955D2B964EC200727A30 /* DemoEditorScreen.swift */; };
		A98395602B964EC300727A30 /* Assets.xcassets in Resources */ = {isa = PBXBuildFile; fileRef = A983955F2B964EC300727A30 /* Assets.xcassets */; };
		A98395652B964EC300727A30 /* Preview Assets.xcassets in Resources */ = {isa = PBXBuildFile; fileRef = A98395642B964EC300727A30 /* Preview Assets.xcassets */; };
		A983956D2B964EF300727A30 /* RichTextKit in Frameworks */ = {isa = PBXBuildFile; productRef = A983956C2B964EF300727A30 /* RichTextKit */; };
		A98395712B96571100727A30 /* DemoMenu.swift in Sources */ = {isa = PBXBuildFile; fileRef = A98395702B96571100727A30 /* DemoMenu.swift */; };
		A98395742B96684500727A30 /* AboutCommand.swift in Sources */ = {isa = PBXBuildFile; fileRef = A98395732B96684500727A30 /* AboutCommand.swift */; };
		A98395762B9669CB00727A30 /* ViewDebug.swift in Sources */ = {isa = PBXBuildFile; fileRef = A98395752B9669CB00727A30 /* ViewDebug.swift */; };
		A98395782B966B6100727A30 /* DemoUrl.swift in Sources */ = {isa = PBXBuildFile; fileRef = A98395772B966B6000727A30 /* DemoUrl.swift */; };
		A98395802B9700CB00727A30 /* DemoTests.swift in Sources */ = {isa = PBXBuildFile; fileRef = A983957F2B9700CB00727A30 /* DemoTests.swift */; };
		A98395872B97010C00727A30 /* RichTextKit in Frameworks */ = {isa = PBXBuildFile; productRef = A98395862B97010C00727A30 /* RichTextKit */; };
		A98395B12B97011E00727A30 /* RichTextReaderTests.swift in Sources */ = {isa = PBXBuildFile; fileRef = A98395892B97011E00727A30 /* RichTextReaderTests.swift */; };
		A98395B22B97011E00727A30 /* RichTextCoordinator+SubscriptionsTests.swift in Sources */ = {isa = PBXBuildFile; fileRef = A983958A2B97011E00727A30 /* RichTextCoordinator+SubscriptionsTests.swift */; };
		A98395B32B97011E00727A30 /* RichTextViewRepresentable+StylesTests.swift in Sources */ = {isa = PBXBuildFile; fileRef = A983958B2B97011E00727A30 /* RichTextViewRepresentable+StylesTests.swift */; };
		A98395B42B97011E00727A30 /* RichTextViewRepresentableTests.swift in Sources */ = {isa = PBXBuildFile; fileRef = A983958C2B97011E00727A30 /* RichTextViewRepresentableTests.swift */; };
		A98395B52B97011E00727A30 /* RichTextViewIntegrationTests+UIKit.swift in Sources */ = {isa = PBXBuildFile; fileRef = A983958D2B97011E00727A30 /* RichTextViewIntegrationTests+UIKit.swift */; };
		A98395B62B97011E00727A30 /* RichTextContextTests.swift in Sources */ = {isa = PBXBuildFile; fileRef = A983958E2B97011E00727A30 /* RichTextContextTests.swift */; };
		A98395B72B97011E00727A30 /* RichTextView_AppKitTests.swift in Sources */ = {isa = PBXBuildFile; fileRef = A983958F2B97011E00727A30 /* RichTextView_AppKitTests.swift */; };
		A98395B82B97011E00727A30 /* RichTextView+Helpers.swift in Sources */ = {isa = PBXBuildFile; fileRef = A98395912B97011E00727A30 /* RichTextView+Helpers.swift */; };
		A98395B92B97011E00727A30 /* RichTextCoordinatorTests.swift in Sources */ = {isa = PBXBuildFile; fileRef = A98395922B97011E00727A30 /* RichTextCoordinatorTests.swift */; };
		A98395BA2B97011E00727A30 /* RichTextViewRepresentable+FontSizeTests.swift in Sources */ = {isa = PBXBuildFile; fileRef = A98395932B97011E00727A30 /* RichTextViewRepresentable+FontSizeTests.swift */; };
		A98395BB2B97011E00727A30 /* String+CharactersTests.swift in Sources */ = {isa = PBXBuildFile; fileRef = A98395952B97011E00727A30 /* String+CharactersTests.swift */; };
		A98395BC2B97011E00727A30 /* XCTestCase+Eventually.swift in Sources */ = {isa = PBXBuildFile; fileRef = A98395962B97011E00727A30 /* XCTestCase+Eventually.swift */; };
		A98395BD2B97011E00727A30 /* String+SubscriptTests.swift in Sources */ = {isa = PBXBuildFile; fileRef = A98395972B97011E00727A30 /* String+SubscriptTests.swift */; };
		A98395BE2B97011E00727A30 /* String+ParagraphTests.swift in Sources */ = {isa = PBXBuildFile; fileRef = A98395982B97011E00727A30 /* String+ParagraphTests.swift */; };
		A98395BF2B97011E00727A30 /* NSAttributedString+EmptyTests.swift in Sources */ = {isa = PBXBuildFile; fileRef = A98395992B97011E00727A30 /* NSAttributedString+EmptyTests.swift */; };
		A98395C02B97011E00727A30 /* RichTextAttributeReaderWriterTests.swift in Sources */ = {isa = PBXBuildFile; fileRef = A983959B2B97011E00727A30 /* RichTextAttributeReaderWriterTests.swift */; };
		A98395C12B97011E00727A30 /* RichTextStyleTests.swift in Sources */ = {isa = PBXBuildFile; fileRef = A983959D2B97011E00727A30 /* RichTextStyleTests.swift */; };
		A98395C22B97011E00727A30 /* RichTextViewHighlightingStyleTests.swift in Sources */ = {isa = PBXBuildFile; fileRef = A983959E2B97011E00727A30 /* RichTextViewHighlightingStyleTests.swift */; };
		A98395C32B97011E00727A30 /* RichTextViewRepresentable+AlignmentTests.swift in Sources */ = {isa = PBXBuildFile; fileRef = A983959F2B97011E00727A30 /* RichTextViewRepresentable+AlignmentTests.swift */; };
		A98395C42B97011E00727A30 /* RichTextViewRepresentable+AttributesTests.swift in Sources */ = {isa = PBXBuildFile; fileRef = A98395A02B97011E00727A30 /* RichTextViewRepresentable+AttributesTests.swift */; };
		A98395C52B97011E00727A30 /* RichTextCoordinatorIntegrationTests+UIKit.swift in Sources */ = {isa = PBXBuildFile; fileRef = A98395A12B97011E00727A30 /* RichTextCoordinatorIntegrationTests+UIKit.swift */; };
		A98395C62B97011E00727A30 /* RichTextPresenterTests.swift in Sources */ = {isa = PBXBuildFile; fileRef = A98395A22B97011E00727A30 /* RichTextPresenterTests.swift */; };
		A98395C72B97011E00727A30 /* RichTextColorTests.swift in Sources */ = {isa = PBXBuildFile; fileRef = A98395A42B97011E00727A30 /* RichTextColorTests.swift */; };
		A98395C82B97011E00727A30 /* RichTextView_UIKitTests.swift in Sources */ = {isa = PBXBuildFile; fileRef = A98395A52B97011E00727A30 /* RichTextView_UIKitTests.swift */; };
		A98395C92B97011E00727A30 /* RichTextAlignmentTests.swift in Sources */ = {isa = PBXBuildFile; fileRef = A98395A72B97011E00727A30 /* RichTextAlignmentTests.swift */; };
		A98395CA2B97011E00727A30 /* RichTextAlignmentPickerTests.swift in Sources */ = {isa = PBXBuildFile; fileRef = A98395A82B97011E00727A30 /* RichTextAlignmentPickerTests.swift */; };
		A98395CB2B97011E00727A30 /* RichTextViewRepresentable+ColorTests.swift in Sources */ = {isa = PBXBuildFile; fileRef = A98395A92B97011E00727A30 /* RichTextViewRepresentable+ColorTests.swift */; };
		A98395CC2B97011E00727A30 /* RichTextEditorTests.swift in Sources */ = {isa = PBXBuildFile; fileRef = A98395AA2B97011E00727A30 /* RichTextEditorTests.swift */; };
		A98395CD2B97011E00727A30 /* StandardFontSizeProviderTests.swift in Sources */ = {isa = PBXBuildFile; fileRef = A98395AC2B97011E00727A30 /* StandardFontSizeProviderTests.swift */; };
		A98395CE2B97011E00727A30 /* FontRepresentable+RichTextTests.swift in Sources */ = {isa = PBXBuildFile; fileRef = A98395AD2B97011E00727A30 /* FontRepresentable+RichTextTests.swift */; };
		A98395CF2B97011E00727A30 /* RichTextDataReaderTests.swift in Sources */ = {isa = PBXBuildFile; fileRef = A98395AF2B97011E00727A30 /* RichTextDataReaderTests.swift */; };
		A98395D02B97011E00727A30 /* RichTextDataFormatTests.swift in Sources */ = {isa = PBXBuildFile; fileRef = A98395B02B97011E00727A30 /* RichTextDataFormatTests.swift */; };
/* End PBXBuildFile section */

/* Begin PBXContainerItemProxy section */
		A98395812B9700CB00727A30 /* PBXContainerItemProxy */ = {
			isa = PBXContainerItemProxy;
			containerPortal = A983954E2B964EC200727A30 /* Project object */;
			proxyType = 1;
			remoteGlobalIDString = A98395552B964EC200727A30;
			remoteInfo = Demo;
		};
/* End PBXContainerItemProxy section */

/* Begin PBXFileReference section */
		A98395562B964EC200727A30 /* Demo.app */ = {isa = PBXFileReference; explicitFileType = wrapper.application; includeInIndex = 0; path = Demo.app; sourceTree = BUILT_PRODUCTS_DIR; };
		A98395592B964EC200727A30 /* DemoApp.swift */ = {isa = PBXFileReference; lastKnownFileType = sourcecode.swift; path = DemoApp.swift; sourceTree = "<group>"; };
		A983955B2B964EC200727A30 /* DemoDocument.swift */ = {isa = PBXFileReference; lastKnownFileType = sourcecode.swift; path = DemoDocument.swift; sourceTree = "<group>"; };
		A983955D2B964EC200727A30 /* DemoEditorScreen.swift */ = {isa = PBXFileReference; lastKnownFileType = sourcecode.swift; path = DemoEditorScreen.swift; sourceTree = "<group>"; };
		A983955F2B964EC300727A30 /* Assets.xcassets */ = {isa = PBXFileReference; lastKnownFileType = folder.assetcatalog; path = Assets.xcassets; sourceTree = "<group>"; };
		A98395612B964EC300727A30 /* Info.plist */ = {isa = PBXFileReference; lastKnownFileType = text.plist.xml; path = Info.plist; sourceTree = "<group>"; };
		A98395622B964EC300727A30 /* Demo.entitlements */ = {isa = PBXFileReference; lastKnownFileType = text.plist.entitlements; path = Demo.entitlements; sourceTree = "<group>"; };
		A98395642B964EC300727A30 /* Preview Assets.xcassets */ = {isa = PBXFileReference; lastKnownFileType = folder.assetcatalog; path = "Preview Assets.xcassets"; sourceTree = "<group>"; };
		A98395702B96571100727A30 /* DemoMenu.swift */ = {isa = PBXFileReference; lastKnownFileType = sourcecode.swift; path = DemoMenu.swift; sourceTree = "<group>"; };
		A98395732B96684500727A30 /* AboutCommand.swift */ = {isa = PBXFileReference; fileEncoding = 4; lastKnownFileType = sourcecode.swift; path = AboutCommand.swift; sourceTree = "<group>"; };
		A98395752B9669CB00727A30 /* ViewDebug.swift */ = {isa = PBXFileReference; fileEncoding = 4; lastKnownFileType = sourcecode.swift; path = ViewDebug.swift; sourceTree = "<group>"; };
		A98395772B966B6000727A30 /* DemoUrl.swift */ = {isa = PBXFileReference; fileEncoding = 4; lastKnownFileType = sourcecode.swift; path = DemoUrl.swift; sourceTree = "<group>"; };
		A983957D2B9700CB00727A30 /* DemoTests.xctest */ = {isa = PBXFileReference; explicitFileType = wrapper.cfbundle; includeInIndex = 0; path = DemoTests.xctest; sourceTree = BUILT_PRODUCTS_DIR; };
		A983957F2B9700CB00727A30 /* DemoTests.swift */ = {isa = PBXFileReference; lastKnownFileType = sourcecode.swift; path = DemoTests.swift; sourceTree = "<group>"; };
		A98395892B97011E00727A30 /* RichTextReaderTests.swift */ = {isa = PBXFileReference; fileEncoding = 4; lastKnownFileType = sourcecode.swift; path = RichTextReaderTests.swift; sourceTree = "<group>"; };
		A983958A2B97011E00727A30 /* RichTextCoordinator+SubscriptionsTests.swift */ = {isa = PBXFileReference; fileEncoding = 4; lastKnownFileType = sourcecode.swift; path = "RichTextCoordinator+SubscriptionsTests.swift"; sourceTree = "<group>"; };
		A983958B2B97011E00727A30 /* RichTextViewRepresentable+StylesTests.swift */ = {isa = PBXFileReference; fileEncoding = 4; lastKnownFileType = sourcecode.swift; path = "RichTextViewRepresentable+StylesTests.swift"; sourceTree = "<group>"; };
		A983958C2B97011E00727A30 /* RichTextViewRepresentableTests.swift */ = {isa = PBXFileReference; fileEncoding = 4; lastKnownFileType = sourcecode.swift; path = RichTextViewRepresentableTests.swift; sourceTree = "<group>"; };
		A983958D2B97011E00727A30 /* RichTextViewIntegrationTests+UIKit.swift */ = {isa = PBXFileReference; fileEncoding = 4; lastKnownFileType = sourcecode.swift; path = "RichTextViewIntegrationTests+UIKit.swift"; sourceTree = "<group>"; };
		A983958E2B97011E00727A30 /* RichTextContextTests.swift */ = {isa = PBXFileReference; fileEncoding = 4; lastKnownFileType = sourcecode.swift; path = RichTextContextTests.swift; sourceTree = "<group>"; };
		A983958F2B97011E00727A30 /* RichTextView_AppKitTests.swift */ = {isa = PBXFileReference; fileEncoding = 4; lastKnownFileType = sourcecode.swift; path = RichTextView_AppKitTests.swift; sourceTree = "<group>"; };
		A98395912B97011E00727A30 /* RichTextView+Helpers.swift */ = {isa = PBXFileReference; fileEncoding = 4; lastKnownFileType = sourcecode.swift; path = "RichTextView+Helpers.swift"; sourceTree = "<group>"; };
		A98395922B97011E00727A30 /* RichTextCoordinatorTests.swift */ = {isa = PBXFileReference; fileEncoding = 4; lastKnownFileType = sourcecode.swift; path = RichTextCoordinatorTests.swift; sourceTree = "<group>"; };
		A98395932B97011E00727A30 /* RichTextViewRepresentable+FontSizeTests.swift */ = {isa = PBXFileReference; fileEncoding = 4; lastKnownFileType = sourcecode.swift; path = "RichTextViewRepresentable+FontSizeTests.swift"; sourceTree = "<group>"; };
		A98395952B97011E00727A30 /* String+CharactersTests.swift */ = {isa = PBXFileReference; fileEncoding = 4; lastKnownFileType = sourcecode.swift; path = "String+CharactersTests.swift"; sourceTree = "<group>"; };
		A98395962B97011E00727A30 /* XCTestCase+Eventually.swift */ = {isa = PBXFileReference; fileEncoding = 4; lastKnownFileType = sourcecode.swift; path = "XCTestCase+Eventually.swift"; sourceTree = "<group>"; };
		A98395972B97011E00727A30 /* String+SubscriptTests.swift */ = {isa = PBXFileReference; fileEncoding = 4; lastKnownFileType = sourcecode.swift; path = "String+SubscriptTests.swift"; sourceTree = "<group>"; };
		A98395982B97011E00727A30 /* String+ParagraphTests.swift */ = {isa = PBXFileReference; fileEncoding = 4; lastKnownFileType = sourcecode.swift; path = "String+ParagraphTests.swift"; sourceTree = "<group>"; };
		A98395992B97011E00727A30 /* NSAttributedString+EmptyTests.swift */ = {isa = PBXFileReference; fileEncoding = 4; lastKnownFileType = sourcecode.swift; path = "NSAttributedString+EmptyTests.swift"; sourceTree = "<group>"; };
		A983959B2B97011E00727A30 /* RichTextAttributeReaderWriterTests.swift */ = {isa = PBXFileReference; fileEncoding = 4; lastKnownFileType = sourcecode.swift; path = RichTextAttributeReaderWriterTests.swift; sourceTree = "<group>"; };
		A983959D2B97011E00727A30 /* RichTextStyleTests.swift */ = {isa = PBXFileReference; fileEncoding = 4; lastKnownFileType = sourcecode.swift; path = RichTextStyleTests.swift; sourceTree = "<group>"; };
		A983959E2B97011E00727A30 /* RichTextViewHighlightingStyleTests.swift */ = {isa = PBXFileReference; fileEncoding = 4; lastKnownFileType = sourcecode.swift; path = RichTextViewHighlightingStyleTests.swift; sourceTree = "<group>"; };
		A983959F2B97011E00727A30 /* RichTextViewRepresentable+AlignmentTests.swift */ = {isa = PBXFileReference; fileEncoding = 4; lastKnownFileType = sourcecode.swift; path = "RichTextViewRepresentable+AlignmentTests.swift"; sourceTree = "<group>"; };
		A98395A02B97011E00727A30 /* RichTextViewRepresentable+AttributesTests.swift */ = {isa = PBXFileReference; fileEncoding = 4; lastKnownFileType = sourcecode.swift; path = "RichTextViewRepresentable+AttributesTests.swift"; sourceTree = "<group>"; };
		A98395A12B97011E00727A30 /* RichTextCoordinatorIntegrationTests+UIKit.swift */ = {isa = PBXFileReference; fileEncoding = 4; lastKnownFileType = sourcecode.swift; path = "RichTextCoordinatorIntegrationTests+UIKit.swift"; sourceTree = "<group>"; };
		A98395A22B97011E00727A30 /* RichTextPresenterTests.swift */ = {isa = PBXFileReference; fileEncoding = 4; lastKnownFileType = sourcecode.swift; path = RichTextPresenterTests.swift; sourceTree = "<group>"; };
		A98395A42B97011E00727A30 /* RichTextColorTests.swift */ = {isa = PBXFileReference; fileEncoding = 4; lastKnownFileType = sourcecode.swift; path = RichTextColorTests.swift; sourceTree = "<group>"; };
		A98395A52B97011E00727A30 /* RichTextView_UIKitTests.swift */ = {isa = PBXFileReference; fileEncoding = 4; lastKnownFileType = sourcecode.swift; path = RichTextView_UIKitTests.swift; sourceTree = "<group>"; };
		A98395A72B97011E00727A30 /* RichTextAlignmentTests.swift */ = {isa = PBXFileReference; fileEncoding = 4; lastKnownFileType = sourcecode.swift; path = RichTextAlignmentTests.swift; sourceTree = "<group>"; };
		A98395A82B97011E00727A30 /* RichTextAlignmentPickerTests.swift */ = {isa = PBXFileReference; fileEncoding = 4; lastKnownFileType = sourcecode.swift; path = RichTextAlignmentPickerTests.swift; sourceTree = "<group>"; };
		A98395A92B97011E00727A30 /* RichTextViewRepresentable+ColorTests.swift */ = {isa = PBXFileReference; fileEncoding = 4; lastKnownFileType = sourcecode.swift; path = "RichTextViewRepresentable+ColorTests.swift"; sourceTree = "<group>"; };
		A98395AA2B97011E00727A30 /* RichTextEditorTests.swift */ = {isa = PBXFileReference; fileEncoding = 4; lastKnownFileType = sourcecode.swift; path = RichTextEditorTests.swift; sourceTree = "<group>"; };
		A98395AC2B97011E00727A30 /* StandardFontSizeProviderTests.swift */ = {isa = PBXFileReference; fileEncoding = 4; lastKnownFileType = sourcecode.swift; path = StandardFontSizeProviderTests.swift; sourceTree = "<group>"; };
		A98395AD2B97011E00727A30 /* FontRepresentable+RichTextTests.swift */ = {isa = PBXFileReference; fileEncoding = 4; lastKnownFileType = sourcecode.swift; path = "FontRepresentable+RichTextTests.swift"; sourceTree = "<group>"; };
		A98395AF2B97011E00727A30 /* RichTextDataReaderTests.swift */ = {isa = PBXFileReference; fileEncoding = 4; lastKnownFileType = sourcecode.swift; path = RichTextDataReaderTests.swift; sourceTree = "<group>"; };
		A98395B02B97011E00727A30 /* RichTextDataFormatTests.swift */ = {isa = PBXFileReference; fileEncoding = 4; lastKnownFileType = sourcecode.swift; path = RichTextDataFormatTests.swift; sourceTree = "<group>"; };
/* End PBXFileReference section */

/* Begin PBXFrameworksBuildPhase section */
		A98395532B964EC200727A30 /* Frameworks */ = {
			isa = PBXFrameworksBuildPhase;
			buildActionMask = 2147483647;
			files = (
				A983956D2B964EF300727A30 /* RichTextKit in Frameworks */,
			);
			runOnlyForDeploymentPostprocessing = 0;
		};
		A983957A2B9700CB00727A30 /* Frameworks */ = {
			isa = PBXFrameworksBuildPhase;
			buildActionMask = 2147483647;
			files = (
				A98395872B97010C00727A30 /* RichTextKit in Frameworks */,
			);
			runOnlyForDeploymentPostprocessing = 0;
		};
/* End PBXFrameworksBuildPhase section */

/* Begin PBXGroup section */
		A983954D2B964EC200727A30 = {
			isa = PBXGroup;
			children = (
				A98395582B964EC200727A30 /* Demo */,
				A983957E2B9700CB00727A30 /* DemoTests */,
				A98395572B964EC200727A30 /* Products */,
			);
			sourceTree = "<group>";
		};
		A98395572B964EC200727A30 /* Products */ = {
			isa = PBXGroup;
			children = (
				A98395562B964EC200727A30 /* Demo.app */,
				A983957D2B9700CB00727A30 /* DemoTests.xctest */,
			);
			name = Products;
			sourceTree = "<group>";
		};
		A98395582B964EC200727A30 /* Demo */ = {
			isa = PBXGroup;
			children = (
				A9D8C48F2BB5C41100F77A36 /* Commands */,
				A98395632B964EC300727A30 /* Preview Content */,
				A98395722B96573700727A30 /* Supporting Files */,
				A9D8C48E2BB5C40400F77A36 /* Utils */,
				A98395592B964EC200727A30 /* DemoApp.swift */,
				A983955B2B964EC200727A30 /* DemoDocument.swift */,
				A983955D2B964EC200727A30 /* DemoEditorScreen.swift */,
				A98395702B96571100727A30 /* DemoMenu.swift */,
				A98395772B966B6000727A30 /* DemoUrl.swift */,
				A983955F2B964EC300727A30 /* Assets.xcassets */,
			);
			path = Demo;
			sourceTree = "<group>";
		};
		A98395632B964EC300727A30 /* Preview Content */ = {
			isa = PBXGroup;
			children = (
				A98395642B964EC300727A30 /* Preview Assets.xcassets */,
			);
			path = "Preview Content";
			sourceTree = "<group>";
		};
		A98395722B96573700727A30 /* Supporting Files */ = {
			isa = PBXGroup;
			children = (
				A98395612B964EC300727A30 /* Info.plist */,
				A98395622B964EC300727A30 /* Demo.entitlements */,
			);
			name = "Supporting Files";
			sourceTree = "<group>";
		};
		A983957E2B9700CB00727A30 /* DemoTests */ = {
			isa = PBXGroup;
			children = (
				A98395882B97011E00727A30 /* RichTextKitTests */,
				A983957F2B9700CB00727A30 /* DemoTests.swift */,
			);
			path = DemoTests;
			sourceTree = "<group>";
		};
		A98395882B97011E00727A30 /* RichTextKitTests */ = {
			isa = PBXGroup;
			children = (
				A98395A62B97011E00727A30 /* Alignment */,
				A983959A2B97011E00727A30 /* Attributes */,
				A98395A32B97011E00727A30 /* Colors */,
				A98395AE2B97011E00727A30 /* Data */,
				A98395942B97011E00727A30 /* Extensions */,
				A98395AB2B97011E00727A30 /* Fonts */,
				A983958E2B97011E00727A30 /* RichTextContextTests.swift */,
				A983958A2B97011E00727A30 /* RichTextCoordinator+SubscriptionsTests.swift */,
				A98395A12B97011E00727A30 /* RichTextCoordinatorIntegrationTests+UIKit.swift */,
				A98395922B97011E00727A30 /* RichTextCoordinatorTests.swift */,
				A98395AA2B97011E00727A30 /* RichTextEditorTests.swift */,
				A98395A22B97011E00727A30 /* RichTextPresenterTests.swift */,
				A98395892B97011E00727A30 /* RichTextReaderTests.swift */,
				A983958F2B97011E00727A30 /* RichTextView_AppKitTests.swift */,
				A98395A52B97011E00727A30 /* RichTextView_UIKitTests.swift */,
				A983958D2B97011E00727A30 /* RichTextViewIntegrationTests+UIKit.swift */,
				A983959F2B97011E00727A30 /* RichTextViewRepresentable+AlignmentTests.swift */,
				A98395A02B97011E00727A30 /* RichTextViewRepresentable+AttributesTests.swift */,
				A98395A92B97011E00727A30 /* RichTextViewRepresentable+ColorTests.swift */,
				A98395932B97011E00727A30 /* RichTextViewRepresentable+FontSizeTests.swift */,
				A983958B2B97011E00727A30 /* RichTextViewRepresentable+StylesTests.swift */,
				A983958C2B97011E00727A30 /* RichTextViewRepresentableTests.swift */,
				A983959C2B97011E00727A30 /* Styles */,
				A98395902B97011E00727A30 /* Utils */,
			);
			name = RichTextKitTests;
			path = ../../Tests/RichTextKitTests;
			sourceTree = "<group>";
		};
		A98395902B97011E00727A30 /* Utils */ = {
			isa = PBXGroup;
			children = (
				A98395912B97011E00727A30 /* RichTextView+Helpers.swift */,
			);
			path = Utils;
			sourceTree = "<group>";
		};
		A98395942B97011E00727A30 /* Extensions */ = {
			isa = PBXGroup;
			children = (
				A98395952B97011E00727A30 /* String+CharactersTests.swift */,
				A98395962B97011E00727A30 /* XCTestCase+Eventually.swift */,
				A98395972B97011E00727A30 /* String+SubscriptTests.swift */,
				A98395982B97011E00727A30 /* String+ParagraphTests.swift */,
				A98395992B97011E00727A30 /* NSAttributedString+EmptyTests.swift */,
			);
			path = Extensions;
			sourceTree = "<group>";
		};
		A983959A2B97011E00727A30 /* Attributes */ = {
			isa = PBXGroup;
			children = (
				A983959B2B97011E00727A30 /* RichTextAttributeReaderWriterTests.swift */,
			);
			path = Attributes;
			sourceTree = "<group>";
		};
		A983959C2B97011E00727A30 /* Styles */ = {
			isa = PBXGroup;
			children = (
				A983959D2B97011E00727A30 /* RichTextStyleTests.swift */,
				A983959E2B97011E00727A30 /* RichTextViewHighlightingStyleTests.swift */,
			);
			path = Styles;
			sourceTree = "<group>";
		};
		A98395A32B97011E00727A30 /* Colors */ = {
			isa = PBXGroup;
			children = (
				A98395A42B97011E00727A30 /* RichTextColorTests.swift */,
			);
			path = Colors;
			sourceTree = "<group>";
		};
		A98395A62B97011E00727A30 /* Alignment */ = {
			isa = PBXGroup;
			children = (
				A98395A72B97011E00727A30 /* RichTextAlignmentTests.swift */,
				A98395A82B97011E00727A30 /* RichTextAlignmentPickerTests.swift */,
			);
			path = Alignment;
			sourceTree = "<group>";
		};
		A98395AB2B97011E00727A30 /* Fonts */ = {
			isa = PBXGroup;
			children = (
				A98395AC2B97011E00727A30 /* StandardFontSizeProviderTests.swift */,
				A98395AD2B97011E00727A30 /* FontRepresentable+RichTextTests.swift */,
			);
			path = Fonts;
			sourceTree = "<group>";
		};
		A98395AE2B97011E00727A30 /* Data */ = {
			isa = PBXGroup;
			children = (
				A98395AF2B97011E00727A30 /* RichTextDataReaderTests.swift */,
				A98395B02B97011E00727A30 /* RichTextDataFormatTests.swift */,
			);
			path = Data;
			sourceTree = "<group>";
		};
		A9D8C48E2BB5C40400F77A36 /* Utils */ = {
			isa = PBXGroup;
			children = (
				A98395752B9669CB00727A30 /* ViewDebug.swift */,
			);
			path = Utils;
			sourceTree = "<group>";
		};
		A9D8C48F2BB5C41100F77A36 /* Commands */ = {
			isa = PBXGroup;
			children = (
				A98395732B96684500727A30 /* AboutCommand.swift */,
			);
			path = Commands;
			sourceTree = "<group>";
		};
/* End PBXGroup section */

/* Begin PBXNativeTarget section */
		A98395552B964EC200727A30 /* Demo */ = {
			isa = PBXNativeTarget;
			buildConfigurationList = A98395682B964EC300727A30 /* Build configuration list for PBXNativeTarget "Demo" */;
			buildPhases = (
				A98395522B964EC200727A30 /* Sources */,
				A98395532B964EC200727A30 /* Frameworks */,
				A98395542B964EC200727A30 /* Resources */,
			);
			buildRules = (
			);
			dependencies = (
			);
			name = Demo;
			packageProductDependencies = (
				A983956C2B964EF300727A30 /* RichTextKit */,
			);
			productName = Demo;
			productReference = A98395562B964EC200727A30 /* Demo.app */;
			productType = "com.apple.product-type.application";
		};
		A983957C2B9700CB00727A30 /* DemoTests */ = {
			isa = PBXNativeTarget;
			buildConfigurationList = A98395852B9700CB00727A30 /* Build configuration list for PBXNativeTarget "DemoTests" */;
			buildPhases = (
				A98395792B9700CB00727A30 /* Sources */,
				A983957A2B9700CB00727A30 /* Frameworks */,
				A983957B2B9700CB00727A30 /* Resources */,
			);
			buildRules = (
			);
			dependencies = (
				A98395822B9700CB00727A30 /* PBXTargetDependency */,
			);
			name = DemoTests;
			packageProductDependencies = (
				A98395862B97010C00727A30 /* RichTextKit */,
			);
			productName = DemoTests;
			productReference = A983957D2B9700CB00727A30 /* DemoTests.xctest */;
			productType = "com.apple.product-type.bundle.unit-test";
		};
/* End PBXNativeTarget section */

/* Begin PBXProject section */
		A983954E2B964EC200727A30 /* Project object */ = {
			isa = PBXProject;
			attributes = {
				BuildIndependentTargetsInParallel = 1;
				LastSwiftUpdateCheck = 1520;
				LastUpgradeCheck = 1520;
				ORGANIZATIONNAME = "Kankoda Sweden AB";
				TargetAttributes = {
					A98395552B964EC200727A30 = {
						CreatedOnToolsVersion = 15.2;
					};
					A983957C2B9700CB00727A30 = {
						CreatedOnToolsVersion = 15.2;
						TestTargetID = A98395552B964EC200727A30;
					};
				};
			};
			buildConfigurationList = A98395512B964EC200727A30 /* Build configuration list for PBXProject "Demo" */;
			compatibilityVersion = "Xcode 14.0";
			developmentRegion = en;
			hasScannedForEncodings = 0;
			knownRegions = (
				en,
				Base,
			);
			mainGroup = A983954D2B964EC200727A30;
			packageReferences = (
				A983956B2B964EF300727A30 /* XCLocalSwiftPackageReference ".." */,
			);
			productRefGroup = A98395572B964EC200727A30 /* Products */;
			projectDirPath = "";
			projectRoot = "";
			targets = (
				A98395552B964EC200727A30 /* Demo */,
				A983957C2B9700CB00727A30 /* DemoTests */,
			);
		};
/* End PBXProject section */

/* Begin PBXResourcesBuildPhase section */
		A98395542B964EC200727A30 /* Resources */ = {
			isa = PBXResourcesBuildPhase;
			buildActionMask = 2147483647;
			files = (
				A98395652B964EC300727A30 /* Preview Assets.xcassets in Resources */,
				A98395602B964EC300727A30 /* Assets.xcassets in Resources */,
			);
			runOnlyForDeploymentPostprocessing = 0;
		};
		A983957B2B9700CB00727A30 /* Resources */ = {
			isa = PBXResourcesBuildPhase;
			buildActionMask = 2147483647;
			files = (
			);
			runOnlyForDeploymentPostprocessing = 0;
		};
/* End PBXResourcesBuildPhase section */

/* Begin PBXSourcesBuildPhase section */
		A98395522B964EC200727A30 /* Sources */ = {
			isa = PBXSourcesBuildPhase;
			buildActionMask = 2147483647;
			files = (
				A98395762B9669CB00727A30 /* ViewDebug.swift in Sources */,
				A98395742B96684500727A30 /* AboutCommand.swift in Sources */,
				A98395782B966B6100727A30 /* DemoUrl.swift in Sources */,
				A983955A2B964EC200727A30 /* DemoApp.swift in Sources */,
				A983955C2B964EC200727A30 /* DemoDocument.swift in Sources */,
				A983955E2B964EC200727A30 /* DemoEditorScreen.swift in Sources */,
				A98395712B96571100727A30 /* DemoMenu.swift in Sources */,
			);
			runOnlyForDeploymentPostprocessing = 0;
		};
		A98395792B9700CB00727A30 /* Sources */ = {
			isa = PBXSourcesBuildPhase;
			buildActionMask = 2147483647;
			files = (
				A98395802B9700CB00727A30 /* DemoTests.swift in Sources */,
				A98395C52B97011E00727A30 /* RichTextCoordinatorIntegrationTests+UIKit.swift in Sources */,
				A98395B62B97011E00727A30 /* RichTextContextTests.swift in Sources */,
				A98395CF2B97011E00727A30 /* RichTextDataReaderTests.swift in Sources */,
				A98395C22B97011E00727A30 /* RichTextViewHighlightingStyleTests.swift in Sources */,
				A98395CB2B97011E00727A30 /* RichTextViewRepresentable+ColorTests.swift in Sources */,
				A98395C12B97011E00727A30 /* RichTextStyleTests.swift in Sources */,
				A98395B82B97011E00727A30 /* RichTextView+Helpers.swift in Sources */,
				A98395BF2B97011E00727A30 /* NSAttributedString+EmptyTests.swift in Sources */,
				A98395CC2B97011E00727A30 /* RichTextEditorTests.swift in Sources */,
				A98395B92B97011E00727A30 /* RichTextCoordinatorTests.swift in Sources */,
				A98395C72B97011E00727A30 /* RichTextColorTests.swift in Sources */,
				A98395CE2B97011E00727A30 /* FontRepresentable+RichTextTests.swift in Sources */,
				A98395BD2B97011E00727A30 /* String+SubscriptTests.swift in Sources */,
				A98395C32B97011E00727A30 /* RichTextViewRepresentable+AlignmentTests.swift in Sources */,
				A98395B72B97011E00727A30 /* RichTextView_AppKitTests.swift in Sources */,
				A98395C42B97011E00727A30 /* RichTextViewRepresentable+AttributesTests.swift in Sources */,
				A98395B22B97011E00727A30 /* RichTextCoordinator+SubscriptionsTests.swift in Sources */,
				A98395C02B97011E00727A30 /* RichTextAttributeReaderWriterTests.swift in Sources */,
				A98395CD2B97011E00727A30 /* StandardFontSizeProviderTests.swift in Sources */,
				A98395D02B97011E00727A30 /* RichTextDataFormatTests.swift in Sources */,
				A98395C82B97011E00727A30 /* RichTextView_UIKitTests.swift in Sources */,
				A98395CA2B97011E00727A30 /* RichTextAlignmentPickerTests.swift in Sources */,
				A98395BE2B97011E00727A30 /* String+ParagraphTests.swift in Sources */,
				A98395B42B97011E00727A30 /* RichTextViewRepresentableTests.swift in Sources */,
				A98395B52B97011E00727A30 /* RichTextViewIntegrationTests+UIKit.swift in Sources */,
				A98395BC2B97011E00727A30 /* XCTestCase+Eventually.swift in Sources */,
				A98395BB2B97011E00727A30 /* String+CharactersTests.swift in Sources */,
				A98395B32B97011E00727A30 /* RichTextViewRepresentable+StylesTests.swift in Sources */,
				A98395BA2B97011E00727A30 /* RichTextViewRepresentable+FontSizeTests.swift in Sources */,
				A98395C62B97011E00727A30 /* RichTextPresenterTests.swift in Sources */,
				A98395C92B97011E00727A30 /* RichTextAlignmentTests.swift in Sources */,
				A98395B12B97011E00727A30 /* RichTextReaderTests.swift in Sources */,
			);
			runOnlyForDeploymentPostprocessing = 0;
		};
/* End PBXSourcesBuildPhase section */

/* Begin PBXTargetDependency section */
		A98395822B9700CB00727A30 /* PBXTargetDependency */ = {
			isa = PBXTargetDependency;
			target = A98395552B964EC200727A30 /* Demo */;
			targetProxy = A98395812B9700CB00727A30 /* PBXContainerItemProxy */;
		};
/* End PBXTargetDependency section */

/* Begin XCBuildConfiguration section */
		A98395662B964EC300727A30 /* Debug */ = {
			isa = XCBuildConfiguration;
			buildSettings = {
				ALWAYS_SEARCH_USER_PATHS = NO;
				ASSETCATALOG_COMPILER_GENERATE_SWIFT_ASSET_SYMBOL_EXTENSIONS = YES;
				CLANG_ANALYZER_NONNULL = YES;
				CLANG_ANALYZER_NUMBER_OBJECT_CONVERSION = YES_AGGRESSIVE;
				CLANG_CXX_LANGUAGE_STANDARD = "gnu++20";
				CLANG_ENABLE_MODULES = YES;
				CLANG_ENABLE_OBJC_ARC = YES;
				CLANG_ENABLE_OBJC_WEAK = YES;
				CLANG_WARN_BLOCK_CAPTURE_AUTORELEASING = YES;
				CLANG_WARN_BOOL_CONVERSION = YES;
				CLANG_WARN_COMMA = YES;
				CLANG_WARN_CONSTANT_CONVERSION = YES;
				CLANG_WARN_DEPRECATED_OBJC_IMPLEMENTATIONS = YES;
				CLANG_WARN_DIRECT_OBJC_ISA_USAGE = YES_ERROR;
				CLANG_WARN_DOCUMENTATION_COMMENTS = YES;
				CLANG_WARN_EMPTY_BODY = YES;
				CLANG_WARN_ENUM_CONVERSION = YES;
				CLANG_WARN_INFINITE_RECURSION = YES;
				CLANG_WARN_INT_CONVERSION = YES;
				CLANG_WARN_NON_LITERAL_NULL_CONVERSION = YES;
				CLANG_WARN_OBJC_IMPLICIT_RETAIN_SELF = YES;
				CLANG_WARN_OBJC_LITERAL_CONVERSION = YES;
				CLANG_WARN_OBJC_ROOT_CLASS = YES_ERROR;
				CLANG_WARN_QUOTED_INCLUDE_IN_FRAMEWORK_HEADER = YES;
				CLANG_WARN_RANGE_LOOP_ANALYSIS = YES;
				CLANG_WARN_STRICT_PROTOTYPES = YES;
				CLANG_WARN_SUSPICIOUS_MOVE = YES;
				CLANG_WARN_UNGUARDED_AVAILABILITY = YES_AGGRESSIVE;
				CLANG_WARN_UNREACHABLE_CODE = YES;
				CLANG_WARN__DUPLICATE_METHOD_MATCH = YES;
				COPY_PHASE_STRIP = NO;
				DEBUG_INFORMATION_FORMAT = dwarf;
				ENABLE_STRICT_OBJC_MSGSEND = YES;
				ENABLE_TESTABILITY = YES;
				ENABLE_USER_SCRIPT_SANDBOXING = YES;
				GCC_C_LANGUAGE_STANDARD = gnu17;
				GCC_DYNAMIC_NO_PIC = NO;
				GCC_NO_COMMON_BLOCKS = YES;
				GCC_OPTIMIZATION_LEVEL = 0;
				GCC_PREPROCESSOR_DEFINITIONS = (
					"DEBUG=1",
					"$(inherited)",
				);
				GCC_WARN_64_TO_32_BIT_CONVERSION = YES;
				GCC_WARN_ABOUT_RETURN_TYPE = YES_ERROR;
				GCC_WARN_UNDECLARED_SELECTOR = YES;
				GCC_WARN_UNINITIALIZED_AUTOS = YES_AGGRESSIVE;
				GCC_WARN_UNUSED_FUNCTION = YES;
				GCC_WARN_UNUSED_VARIABLE = YES;
				LOCALIZATION_PREFERS_STRING_CATALOGS = YES;
				MTL_ENABLE_DEBUG_INFO = INCLUDE_SOURCE;
				MTL_FAST_MATH = YES;
				ONLY_ACTIVE_ARCH = YES;
				SWIFT_ACTIVE_COMPILATION_CONDITIONS = "DEBUG $(inherited)";
				SWIFT_OPTIMIZATION_LEVEL = "-Onone";
			};
			name = Debug;
		};
		A98395672B964EC300727A30 /* Release */ = {
			isa = XCBuildConfiguration;
			buildSettings = {
				ALWAYS_SEARCH_USER_PATHS = NO;
				ASSETCATALOG_COMPILER_GENERATE_SWIFT_ASSET_SYMBOL_EXTENSIONS = YES;
				CLANG_ANALYZER_NONNULL = YES;
				CLANG_ANALYZER_NUMBER_OBJECT_CONVERSION = YES_AGGRESSIVE;
				CLANG_CXX_LANGUAGE_STANDARD = "gnu++20";
				CLANG_ENABLE_MODULES = YES;
				CLANG_ENABLE_OBJC_ARC = YES;
				CLANG_ENABLE_OBJC_WEAK = YES;
				CLANG_WARN_BLOCK_CAPTURE_AUTORELEASING = YES;
				CLANG_WARN_BOOL_CONVERSION = YES;
				CLANG_WARN_COMMA = YES;
				CLANG_WARN_CONSTANT_CONVERSION = YES;
				CLANG_WARN_DEPRECATED_OBJC_IMPLEMENTATIONS = YES;
				CLANG_WARN_DIRECT_OBJC_ISA_USAGE = YES_ERROR;
				CLANG_WARN_DOCUMENTATION_COMMENTS = YES;
				CLANG_WARN_EMPTY_BODY = YES;
				CLANG_WARN_ENUM_CONVERSION = YES;
				CLANG_WARN_INFINITE_RECURSION = YES;
				CLANG_WARN_INT_CONVERSION = YES;
				CLANG_WARN_NON_LITERAL_NULL_CONVERSION = YES;
				CLANG_WARN_OBJC_IMPLICIT_RETAIN_SELF = YES;
				CLANG_WARN_OBJC_LITERAL_CONVERSION = YES;
				CLANG_WARN_OBJC_ROOT_CLASS = YES_ERROR;
				CLANG_WARN_QUOTED_INCLUDE_IN_FRAMEWORK_HEADER = YES;
				CLANG_WARN_RANGE_LOOP_ANALYSIS = YES;
				CLANG_WARN_STRICT_PROTOTYPES = YES;
				CLANG_WARN_SUSPICIOUS_MOVE = YES;
				CLANG_WARN_UNGUARDED_AVAILABILITY = YES_AGGRESSIVE;
				CLANG_WARN_UNREACHABLE_CODE = YES;
				CLANG_WARN__DUPLICATE_METHOD_MATCH = YES;
				COPY_PHASE_STRIP = NO;
				DEBUG_INFORMATION_FORMAT = "dwarf-with-dsym";
				ENABLE_NS_ASSERTIONS = NO;
				ENABLE_STRICT_OBJC_MSGSEND = YES;
				ENABLE_USER_SCRIPT_SANDBOXING = YES;
				GCC_C_LANGUAGE_STANDARD = gnu17;
				GCC_NO_COMMON_BLOCKS = YES;
				GCC_WARN_64_TO_32_BIT_CONVERSION = YES;
				GCC_WARN_ABOUT_RETURN_TYPE = YES_ERROR;
				GCC_WARN_UNDECLARED_SELECTOR = YES;
				GCC_WARN_UNINITIALIZED_AUTOS = YES_AGGRESSIVE;
				GCC_WARN_UNUSED_FUNCTION = YES;
				GCC_WARN_UNUSED_VARIABLE = YES;
				LOCALIZATION_PREFERS_STRING_CATALOGS = YES;
				MTL_ENABLE_DEBUG_INFO = NO;
				MTL_FAST_MATH = YES;
				SWIFT_COMPILATION_MODE = wholemodule;
			};
			name = Release;
		};
		A98395692B964EC300727A30 /* Debug */ = {
			isa = XCBuildConfiguration;
			buildSettings = {
				ASSETCATALOG_COMPILER_APPICON_NAME = AppIcon;
				ASSETCATALOG_COMPILER_GLOBAL_ACCENT_COLOR_NAME = AccentColor;
				CODE_SIGN_ENTITLEMENTS = Demo/Demo.entitlements;
				CODE_SIGN_STYLE = Manual;
				CURRENT_PROJECT_VERSION = 1;
				DEVELOPMENT_ASSET_PATHS = "\"Demo/Preview Content\"";
				DEVELOPMENT_TEAM = "";
				ENABLE_HARDENED_RUNTIME = YES;
				ENABLE_PREVIEWS = YES;
				GENERATE_INFOPLIST_FILE = YES;
				INFOPLIST_FILE = Demo/Info.plist;
				INFOPLIST_KEY_LSApplicationCategoryType = "public.app-category.utilities";
				"INFOPLIST_KEY_UIApplicationSceneManifest_Generation[sdk=iphoneos*]" = YES;
				"INFOPLIST_KEY_UIApplicationSceneManifest_Generation[sdk=iphonesimulator*]" = YES;
				"INFOPLIST_KEY_UIApplicationSupportsIndirectInputEvents[sdk=iphoneos*]" = YES;
				"INFOPLIST_KEY_UIApplicationSupportsIndirectInputEvents[sdk=iphonesimulator*]" = YES;
				"INFOPLIST_KEY_UILaunchScreen_Generation[sdk=iphoneos*]" = YES;
				"INFOPLIST_KEY_UILaunchScreen_Generation[sdk=iphonesimulator*]" = YES;
				"INFOPLIST_KEY_UIStatusBarStyle[sdk=iphoneos*]" = UIStatusBarStyleDefault;
				"INFOPLIST_KEY_UIStatusBarStyle[sdk=iphonesimulator*]" = UIStatusBarStyleDefault;
				INFOPLIST_KEY_UISupportedInterfaceOrientations_iPad = "UIInterfaceOrientationPortrait UIInterfaceOrientationPortraitUpsideDown UIInterfaceOrientationLandscapeLeft UIInterfaceOrientationLandscapeRight";
				INFOPLIST_KEY_UISupportedInterfaceOrientations_iPhone = "UIInterfaceOrientationPortrait UIInterfaceOrientationLandscapeLeft UIInterfaceOrientationLandscapeRight";
				"INFOPLIST_KEY_UISupportsDocumentBrowser[sdk=iphoneos*]" = YES;
				"INFOPLIST_KEY_UISupportsDocumentBrowser[sdk=iphonesimulator*]" = YES;
				IPHONEOS_DEPLOYMENT_TARGET = 17.0;
				LD_RUNPATH_SEARCH_PATHS = "@executable_path/Frameworks";
				"LD_RUNPATH_SEARCH_PATHS[sdk=macosx*]" = "@executable_path/../Frameworks";
				MACOSX_DEPLOYMENT_TARGET = 14.0;
				MARKETING_VERSION = 1.0;
				PRODUCT_BUNDLE_IDENTIFIER = com.richtextkit.demo;
				PRODUCT_NAME = "$(TARGET_NAME)";
				PROVISIONING_PROFILE_SPECIFIER = "";
				SDKROOT = auto;
				SUPPORTED_PLATFORMS = "iphoneos iphonesimulator macosx";
				SWIFT_EMIT_LOC_STRINGS = YES;
				SWIFT_VERSION = 5.0;
				TARGETED_DEVICE_FAMILY = "1,2";
			};
			name = Debug;
		};
		A983956A2B964EC300727A30 /* Release */ = {
			isa = XCBuildConfiguration;
			buildSettings = {
				ASSETCATALOG_COMPILER_APPICON_NAME = AppIcon;
				ASSETCATALOG_COMPILER_GLOBAL_ACCENT_COLOR_NAME = AccentColor;
				CODE_SIGN_ENTITLEMENTS = Demo/Demo.entitlements;
				CODE_SIGN_STYLE = Manual;
				CURRENT_PROJECT_VERSION = 1;
				DEVELOPMENT_ASSET_PATHS = "\"Demo/Preview Content\"";
				DEVELOPMENT_TEAM = "";
				ENABLE_HARDENED_RUNTIME = YES;
				ENABLE_PREVIEWS = YES;
				GENERATE_INFOPLIST_FILE = YES;
				INFOPLIST_FILE = Demo/Info.plist;
				INFOPLIST_KEY_LSApplicationCategoryType = "public.app-category.utilities";
				"INFOPLIST_KEY_UIApplicationSceneManifest_Generation[sdk=iphoneos*]" = YES;
				"INFOPLIST_KEY_UIApplicationSceneManifest_Generation[sdk=iphonesimulator*]" = YES;
				"INFOPLIST_KEY_UIApplicationSupportsIndirectInputEvents[sdk=iphoneos*]" = YES;
				"INFOPLIST_KEY_UIApplicationSupportsIndirectInputEvents[sdk=iphonesimulator*]" = YES;
				"INFOPLIST_KEY_UILaunchScreen_Generation[sdk=iphoneos*]" = YES;
				"INFOPLIST_KEY_UILaunchScreen_Generation[sdk=iphonesimulator*]" = YES;
				"INFOPLIST_KEY_UIStatusBarStyle[sdk=iphoneos*]" = UIStatusBarStyleDefault;
				"INFOPLIST_KEY_UIStatusBarStyle[sdk=iphonesimulator*]" = UIStatusBarStyleDefault;
				INFOPLIST_KEY_UISupportedInterfaceOrientations_iPad = "UIInterfaceOrientationPortrait UIInterfaceOrientationPortraitUpsideDown UIInterfaceOrientationLandscapeLeft UIInterfaceOrientationLandscapeRight";
				INFOPLIST_KEY_UISupportedInterfaceOrientations_iPhone = "UIInterfaceOrientationPortrait UIInterfaceOrientationLandscapeLeft UIInterfaceOrientationLandscapeRight";
				"INFOPLIST_KEY_UISupportsDocumentBrowser[sdk=iphoneos*]" = YES;
				"INFOPLIST_KEY_UISupportsDocumentBrowser[sdk=iphonesimulator*]" = YES;
				IPHONEOS_DEPLOYMENT_TARGET = 17.0;
				LD_RUNPATH_SEARCH_PATHS = "@executable_path/Frameworks";
				"LD_RUNPATH_SEARCH_PATHS[sdk=macosx*]" = "@executable_path/../Frameworks";
				MACOSX_DEPLOYMENT_TARGET = 14.0;
				MARKETING_VERSION = 1.0;
				PRODUCT_BUNDLE_IDENTIFIER = com.richtextkit.demo;
				PRODUCT_NAME = "$(TARGET_NAME)";
				PROVISIONING_PROFILE_SPECIFIER = "";
				SDKROOT = auto;
				SUPPORTED_PLATFORMS = "iphoneos iphonesimulator macosx";
				SWIFT_EMIT_LOC_STRINGS = YES;
				SWIFT_VERSION = 5.0;
				TARGETED_DEVICE_FAMILY = "1,2";
			};
			name = Release;
		};
		A98395832B9700CB00727A30 /* Debug */ = {
			isa = XCBuildConfiguration;
			buildSettings = {
				BUNDLE_LOADER = "$(TEST_HOST)";
				CODE_SIGN_STYLE = Manual;
				CURRENT_PROJECT_VERSION = 1;
				DEVELOPMENT_TEAM = "";
				"DEVELOPMENT_TEAM[sdk=iphoneos*]" = "";
				GENERATE_INFOPLIST_FILE = YES;
				IPHONEOS_DEPLOYMENT_TARGET = 17.0;
				MARKETING_VERSION = 1.0;
				PRODUCT_BUNDLE_IDENTIFIER = com.richtextkit.DemoTests;
				PRODUCT_NAME = "$(TARGET_NAME)";
				PROVISIONING_PROFILE_SPECIFIER = "";
				"PROVISIONING_PROFILE_SPECIFIER[sdk=iphoneos*]" = "";
				SDKROOT = iphoneos;
				SWIFT_EMIT_LOC_STRINGS = NO;
				SWIFT_VERSION = 5.0;
				TARGETED_DEVICE_FAMILY = "1,2";
				TEST_HOST = "$(BUILT_PRODUCTS_DIR)/Demo.app/$(BUNDLE_EXECUTABLE_FOLDER_PATH)/Demo";
			};
			name = Debug;
		};
		A98395842B9700CB00727A30 /* Release */ = {
			isa = XCBuildConfiguration;
			buildSettings = {
				BUNDLE_LOADER = "$(TEST_HOST)";
				CODE_SIGN_STYLE = Manual;
				CURRENT_PROJECT_VERSION = 1;
				DEVELOPMENT_TEAM = "";
				"DEVELOPMENT_TEAM[sdk=iphoneos*]" = "";
				GENERATE_INFOPLIST_FILE = YES;
				IPHONEOS_DEPLOYMENT_TARGET = 17.0;
				MARKETING_VERSION = 1.0;
				PRODUCT_BUNDLE_IDENTIFIER = com.richtextkit.DemoTests;
				PRODUCT_NAME = "$(TARGET_NAME)";
				PROVISIONING_PROFILE_SPECIFIER = "";
				"PROVISIONING_PROFILE_SPECIFIER[sdk=iphoneos*]" = "";
				SDKROOT = iphoneos;
				SWIFT_EMIT_LOC_STRINGS = NO;
				SWIFT_VERSION = 5.0;
				TARGETED_DEVICE_FAMILY = "1,2";
				TEST_HOST = "$(BUILT_PRODUCTS_DIR)/Demo.app/$(BUNDLE_EXECUTABLE_FOLDER_PATH)/Demo";
				VALIDATE_PRODUCT = YES;
			};
			name = Release;
		};
/* End XCBuildConfiguration section */

/* Begin XCConfigurationList section */
		A98395512B964EC200727A30 /* Build configuration list for PBXProject "Demo" */ = {
			isa = XCConfigurationList;
			buildConfigurations = (
				A98395662B964EC300727A30 /* Debug */,
				A98395672B964EC300727A30 /* Release */,
			);
			defaultConfigurationIsVisible = 0;
			defaultConfigurationName = Release;
		};
		A98395682B964EC300727A30 /* Build configuration list for PBXNativeTarget "Demo" */ = {
			isa = XCConfigurationList;
			buildConfigurations = (
				A98395692B964EC300727A30 /* Debug */,
				A983956A2B964EC300727A30 /* Release */,
			);
			defaultConfigurationIsVisible = 0;
			defaultConfigurationName = Release;
		};
		A98395852B9700CB00727A30 /* Build configuration list for PBXNativeTarget "DemoTests" */ = {
			isa = XCConfigurationList;
			buildConfigurations = (
				A98395832B9700CB00727A30 /* Debug */,
				A98395842B9700CB00727A30 /* Release */,
			);
			defaultConfigurationIsVisible = 0;
			defaultConfigurationName = Release;
		};
/* End XCConfigurationList section */

/* Begin XCLocalSwiftPackageReference section */
		A983956B2B964EF300727A30 /* XCLocalSwiftPackageReference ".." */ = {
			isa = XCLocalSwiftPackageReference;
			relativePath = ..;
		};
/* End XCLocalSwiftPackageReference section */

/* Begin XCSwiftPackageProductDependency section */
		A983956C2B964EF300727A30 /* RichTextKit */ = {
			isa = XCSwiftPackageProductDependency;
			productName = RichTextKit;
		};
		A98395862B97010C00727A30 /* RichTextKit */ = {
			isa = XCSwiftPackageProductDependency;
			productName = RichTextKit;
		};
/* End XCSwiftPackageProductDependency section */
	};
	rootObject = A983954E2B964EC200727A30 /* Project object */;
}
